
Microsoft Visual Studio Solution File, Format Version 12.00
# Visual Studio Version 17
VisualStudioVersion = 17.5.002.0
MinimumVisualStudioVersion = 10.0.40219.1
Project("{9A19103F-16F7-4668-BE54-9A1E7A4F7556}") = "Studies", "Studies.csproj", "{D080C032-2A9E-4D06-8CC6-B6CFAE4D9D69}"
EndProject
Global
	GlobalSection(SolutionConfigurationPlatforms) = preSolution
		Debug|Any CPU = Debug|Any CPU
		Release|Any CPU = Release|Any CPU
	EndGlobalSection
	GlobalSection(ProjectConfigurationPlatforms) = postSolution
		{D080C032-2A9E-4D06-8CC6-B6CFAE4D9D69}.Debug|Any CPU.ActiveCfg = Debug|Any CPU
		{D080C032-2A9E-4D06-8CC6-B6CFAE4D9D69}.Debug|Any CPU.Build.0 = Debug|Any CPU
		{D080C032-2A9E-4D06-8CC6-B6CFAE4D9D69}.Release|Any CPU.ActiveCfg = Release|Any CPU
		{D080C032-2A9E-4D06-8CC6-B6CFAE4D9D69}.Release|Any CPU.Build.0 = Release|Any CPU
	EndGlobalSection
	GlobalSection(SolutionProperties) = preSolution
		HideSolutionNode = FALSE
	EndGlobalSection
	GlobalSection(ExtensibilityGlobals) = postSolution
		SolutionGuid = {EE842066-4041-4EF5-A9F3-BFB84432797C}
	EndGlobalSection
EndGlobal
